
Microsoft Visual Studio Solution File, Format Version 12.00
# Visual Studio Version 16
VisualStudioVersion = 16.0.31424.327
MinimumVisualStudioVersion = 10.0.40219.1
Project("{FAE04EC0-301F-11D3-BF4B-00C04F79EFBC}") = "DotNet.Advanced.Ariel.SnakeExercsie", "DotNet.Advanced.Ariel.SnakeExercsie\DotNet.Advanced.Ariel.SnakeExercsie.csproj", "{EA65F3C0-E562-43B2-80E8-03198104E4AE}"
EndProject
Global
	GlobalSection(SolutionConfigurationPlatforms) = preSolution
		Debug|Any CPU = Debug|Any CPU
		Release|Any CPU = Release|Any CPU
	EndGlobalSection
	GlobalSection(ProjectConfigurationPlatforms) = postSolution
		{EA65F3C0-E562-43B2-80E8-03198104E4AE}.Debug|Any CPU.ActiveCfg = Debug|Any CPU
		{EA65F3C0-E562-43B2-80E8-03198104E4AE}.Debug|Any CPU.Build.0 = Debug|Any CPU
		{EA65F3C0-E562-43B2-80E8-03198104E4AE}.Release|Any CPU.ActiveCfg = Release|Any CPU
		{EA65F3C0-E562-43B2-80E8-03198104E4AE}.Release|Any CPU.Build.0 = Release|Any CPU
	EndGlobalSection
	GlobalSection(SolutionProperties) = preSolution
		HideSolutionNode = FALSE
	EndGlobalSection
	GlobalSection(ExtensibilityGlobals) = postSolution
		SolutionGuid = {549A9C57-0DE8-4BAC-9796-CA9038EFD1BD}
	EndGlobalSection
EndGlobal
